{
  "name": "buggy-connect-ui",
  "lockfileVersion": 3,
  "requires": true,
  "packages": {
    "": {
      "dependencies": {
        "next": "latest",
        "react": "^18.2.0",
        "react-dom": "^18.2.0",
        "swr": "^2.0.0"
      },
      "devDependencies": {
        "@types/node": "^18.0.0",
        "@types/react": "^18.0.14",
        "@types/react-dom": "^18.0.5",
        "typescript": "^4.7.4"
      }
    },
    "node_modules/@next/env": {
      "version": "13.5.3",
      "resolved": "https://pkgs.dev.azure.com/DEVOPS-RCHLO/_packaging/DEVOPS-RCHLO/npm/registry/@next/env/-/env-13.5.3.tgz",
      "integrity": "sha1-QC2poK+H+T2FNRnwwqYCsatjfCw=",
      "license": "MIT"
    },
    "node_modules/@next/swc-darwin-arm64": {
      "version": "13.5.3",
      "resolved": "https://pkgs.dev.azure.com/DEVOPS-RCHLO/_packaging/DEVOPS-RCHLO/npm/registry/@next/swc-darwin-arm64/-/swc-darwin-arm64-13.5.3.tgz",
      "integrity": "sha1-9y6sjHtx0z4HaL08i69osA/qAWA=",
      "cpu": [
        "arm64"
      ],
      "license": "MIT",
      "optional": true,
      "os": [
        "darwin"
      ],
      "engines": {
        "node": ">= 10"
      }
    },
    "node_modules/@next/swc-darwin-x64": {
      "version": "13.5.3",
      "resolved": "https://pkgs.dev.azure.com/DEVOPS-RCHLO/_packaging/DEVOPS-RCHLO/npm/registry/@next/swc-darwin-x64/-/swc-darwin-x64-13.5.3.tgz",
      "integrity": "sha1-lu2joSR6cTV56yQddtP1AykciTg=",
      "cpu": [
        "x64"
      ],
      "license": "MIT",
      "optional": true,
      "os": [
        "darwin"
      ],
      "engines": {
        "node": ">= 10"
      }
    },
    "node_modules/@next/swc-linux-arm64-gnu": {
      "version": "13.5.3",
      "resolved": "https://pkgs.dev.azure.com/DEVOPS-RCHLO/_packaging/DEVOPS-RCHLO/npm/registry/@next/swc-linux-arm64-gnu/-/swc-linux-arm64-gnu-13.5.3.tgz",
      "integrity": "sha1-Ey4VWgKTEP/839PjxCVffOn9JxQ=",
      "cpu": [
        "arm64"
      ],
      "license": "MIT",
      "optional": true,
      "os": [
        "linux"
      ],
      "engines": {
        "node": ">= 10"
      }
    },
    "node_modules/@next/swc-linux-arm64-musl": {
      "version": "13.5.3",
      "resolved": "https://pkgs.dev.azure.com/DEVOPS-RCHLO/_packaging/DEVOPS-RCHLO/npm/registry/@next/swc-linux-arm64-musl/-/swc-linux-arm64-musl-13.5.3.tgz",
      "integrity": "sha1-mB19j9zwQL0MiViO9BOcKIBfXPE=",
      "cpu": [
        "arm64"
      ],
      "license": "MIT",
      "optional": true,
      "os": [
        "linux"
      ],
      "engines": {
        "node": ">= 10"
      }
    },
    "node_modules/@next/swc-linux-x64-gnu": {
      "version": "13.5.3",
      "resolved": "https://pkgs.dev.azure.com/DEVOPS-RCHLO/_packaging/DEVOPS-RCHLO/npm/registry/@next/swc-linux-x64-gnu/-/swc-linux-x64-gnu-13.5.3.tgz",
      "integrity": "sha1-uCY2Y6zae4S8LE/6OcpLAXKngGA=",
      "cpu": [
        "x64"
      ],
      "license": "MIT",
      "optional": true,
      "os": [
        "linux"
      ],
      "engines": {
        "node": ">= 10"
      }
    },
    "node_modules/@next/swc-linux-x64-musl": {
      "version": "13.5.3",
      "resolved": "https://pkgs.dev.azure.com/DEVOPS-RCHLO/_packaging/DEVOPS-RCHLO/npm/registry/@next/swc-linux-x64-musl/-/swc-linux-x64-musl-13.5.3.tgz",
      "integrity": "sha1-zQvtjukgMsJQkL7Z2VYCrGmNkl8=",
      "cpu": [
        "x64"
      ],
      "license": "MIT",
      "optional": true,
      "os": [
        "linux"
      ],
      "engines": {
        "node": ">= 10"
      }
    },
    "node_modules/@next/swc-win32-arm64-msvc": {
      "version": "13.5.3",
      "resolved": "https://pkgs.dev.azure.com/DEVOPS-RCHLO/_packaging/DEVOPS-RCHLO/npm/registry/@next/swc-win32-arm64-msvc/-/swc-win32-arm64-msvc-13.5.3.tgz",
      "integrity": "sha1-f1VmdMqX5pNiINEMWCUsw2Ui2Ao=",
      "cpu": [
        "arm64"
      ],
      "license": "MIT",
      "optional": true,
      "os": [
        "win32"
      ],
      "engines": {
        "node": ">= 10"
      }
    },
    "node_modules/@next/swc-win32-ia32-msvc": {
      "version": "13.5.3",
      "resolved": "https://pkgs.dev.azure.com/DEVOPS-RCHLO/_packaging/DEVOPS-RCHLO/npm/registry/@next/swc-win32-ia32-msvc/-/swc-win32-ia32-msvc-13.5.3.tgz",
      "integrity": "sha1-SRJyH7hpXxHa7EzeQuc9xXvMR58=",
      "cpu": [
        "ia32"
      ],
      "license": "MIT",
      "optional": true,
      "os": [
        "win32"
      ],
      "engines": {
        "node": ">= 10"
      }
    },
    "node_modules/@next/swc-win32-x64-msvc": {
      "version": "13.5.3",
      "resolved": "https://pkgs.dev.azure.com/DEVOPS-RCHLO/_packaging/DEVOPS-RCHLO/npm/registry/@next/swc-win32-x64-msvc/-/swc-win32-x64-msvc-13.5.3.tgz",
      "integrity": "sha1-lzQKcJ/rtg/3MANWa5nRJ9TluIE=",
      "cpu": [
        "x64"
      ],
      "license": "MIT",
      "optional": true,
      "os": [
        "win32"
      ],
      "engines": {
        "node": ">= 10"
      }
    },
    "node_modules/@swc/helpers": {
      "version": "0.5.2",
      "resolved": "https://pkgs.dev.azure.com/DEVOPS-RCHLO/_packaging/DEVOPS-RCHLO/npm/registry/@swc/helpers/-/helpers-0.5.2.tgz",
      "integrity": "sha1-heoMdkULYa19EKNwUCie3teDwn0=",
      "license": "Apache-2.0",
      "dependencies": {
        "tslib": "^2.4.0"
      }
    },
    "node_modules/@types/node": {
      "version": "18.18.0",
      "resolved": "https://pkgs.dev.azure.com/DEVOPS-RCHLO/_packaging/DEVOPS-RCHLO/npm/registry/@types/node/-/node-18.18.0.tgz",
      "integrity": "sha1-vRnVEzpuXi0BUuwHmsJ8Eg5/F2M=",
      "dev": true,
      "license": "MIT"
    },
    "node_modules/@types/prop-types": {
      "version": "15.7.7",
      "resolved": "https://pkgs.dev.azure.com/DEVOPS-RCHLO/_packaging/DEVOPS-RCHLO/npm/registry/@types/prop-types/-/prop-types-15.7.7.tgz",
      "integrity": "sha1-+TYfe4f9XYGIssmY2wofR+n7ORo=",
      "dev": true,
      "license": "MIT"
    },
    "node_modules/@types/react": {
      "version": "18.2.23",
      "resolved": "https://pkgs.dev.azure.com/DEVOPS-RCHLO/_packaging/DEVOPS-RCHLO/npm/registry/@types/react/-/react-18.2.23.tgz",
      "integrity": "sha1-YK1s9Ilek77YWNsOA7zE/5fQQQ4=",
      "dev": true,
      "license": "MIT",
      "dependencies": {
        "@types/prop-types": "*",
        "@types/scheduler": "*",
        "csstype": "^3.0.2"
      }
    },
    "node_modules/@types/react-dom": {
      "version": "18.2.8",
      "resolved": "https://pkgs.dev.azure.com/DEVOPS-RCHLO/_packaging/DEVOPS-RCHLO/npm/registry/@types/react-dom/-/react-dom-18.2.8.tgz",
      "integrity": "sha1-M48bCmRsnxDgqXIIwdJrn0c9/9Y=",
      "dev": true,
      "license": "MIT",
      "dependencies": {
        "@types/react": "*"
      }
    },
    "node_modules/@types/scheduler": {
      "version": "0.16.4",
      "resolved": "https://pkgs.dev.azure.com/DEVOPS-RCHLO/_packaging/DEVOPS-RCHLO/npm/registry/@types/scheduler/-/scheduler-0.16.4.tgz",
      "integrity": "sha1-/tw+WxXCbcGPqulr8TF0h8s2WM8=",
      "dev": true,
      "license": "MIT"
    },
    "node_modules/busboy": {
      "version": "1.6.0",
      "resolved": "https://pkgs.dev.azure.com/DEVOPS-RCHLO/_packaging/DEVOPS-RCHLO/npm/registry/busboy/-/busboy-1.6.0.tgz",
      "integrity": "sha1-lm6japUC5DzbkUaWJSO5L1MfaJM=",
      "dependencies": {
        "streamsearch": "^1.1.0"
      },
      "engines": {
        "node": ">=10.16.0"
      }
    },
    "node_modules/caniuse-lite": {
      "version": "1.0.30001541",
      "resolved": "https://pkgs.dev.azure.com/DEVOPS-RCHLO/_packaging/DEVOPS-RCHLO/npm/registry/caniuse-lite/-/caniuse-lite-1.0.30001541.tgz",
      "integrity": "sha1-sa7w+t2H+3LbTctV0iDq4XuBzbE=",
      "funding": [
        {
          "type": "opencollective",
          "url": "https://opencollective.com/browserslist"
        },
        {
          "type": "tidelift",
          "url": "https://tidelift.com/funding/github/npm/caniuse-lite"
        },
        {
          "type": "github",
          "url": "https://github.com/sponsors/ai"
        }
      ],
      "license": "CC-BY-4.0"
    },
    "node_modules/client-only": {
      "version": "0.0.1",
      "resolved": "https://pkgs.dev.azure.com/DEVOPS-RCHLO/_packaging/DEVOPS-RCHLO/npm/registry/client-only/-/client-only-0.0.1.tgz",
      "integrity": "sha1-OLul1APEGrFQv/ZKlchQE89zvKE=",
      "license": "MIT"
    },
    "node_modules/csstype": {
      "version": "3.1.2",
      "resolved": "https://pkgs.dev.azure.com/DEVOPS-RCHLO/_packaging/DEVOPS-RCHLO/npm/registry/csstype/-/csstype-3.1.2.tgz",
      "integrity": "sha1-HUv51XLxHBQDHwQ24cELwfVx9Qs=",
      "dev": true,
      "license": "MIT"
    },
    "node_modules/glob-to-regexp": {
      "version": "0.4.1",
      "resolved": "https://pkgs.dev.azure.com/DEVOPS-RCHLO/_packaging/DEVOPS-RCHLO/npm/registry/glob-to-regexp/-/glob-to-regexp-0.4.1.tgz",
      "integrity": "sha1-x1KXCHyFG5pXi9IX3VmpL1n+VG4=",
      "license": "BSD-2-Clause"
    },
    "node_modules/graceful-fs": {
      "version": "4.2.11",
      "resolved": "https://pkgs.dev.azure.com/DEVOPS-RCHLO/_packaging/DEVOPS-RCHLO/npm/registry/graceful-fs/-/graceful-fs-4.2.11.tgz",
      "integrity": "sha1-QYPk6L8Iu24Fu7L30uDI9xLKQOM=",
      "license": "ISC"
    },
    "node_modules/js-tokens": {
      "version": "4.0.0",
      "resolved": "https://pkgs.dev.azure.com/DEVOPS-RCHLO/_packaging/DEVOPS-RCHLO/npm/registry/js-tokens/-/js-tokens-4.0.0.tgz",
      "integrity": "sha1-GSA/tZmR35jjoocFDUZHzerzJJk=",
      "license": "MIT"
    },
    "node_modules/loose-envify": {
      "version": "1.4.0",
      "resolved": "https://pkgs.dev.azure.com/DEVOPS-RCHLO/_packaging/DEVOPS-RCHLO/npm/registry/loose-envify/-/loose-envify-1.4.0.tgz",
      "integrity": "sha1-ce5R+nvkyuwaY4OffmgtgTLTDK8=",
      "license": "MIT",
      "dependencies": {
        "js-tokens": "^3.0.0 || ^4.0.0"
      },
      "bin": {
        "loose-envify": "cli.js"
      }
    },
    "node_modules/nanoid": {
      "version": "3.3.6",
      "resolved": "https://pkgs.dev.azure.com/DEVOPS-RCHLO/_packaging/DEVOPS-RCHLO/npm/registry/nanoid/-/nanoid-3.3.6.tgz",
      "integrity": "sha1-RDOAyFbW6fmCQmfZYLQjatWD6kw=",
      "funding": [
        {
          "type": "github",
          "url": "https://github.com/sponsors/ai"
        }
      ],
      "license": "MIT",
      "bin": {
        "nanoid": "bin/nanoid.cjs"
      },
      "engines": {
        "node": "^10 || ^12 || ^13.7 || ^14 || >=15.0.1"
      }
    },
    "node_modules/next": {
      "version": "13.5.3",
      "resolved": "https://pkgs.dev.azure.com/DEVOPS-RCHLO/_packaging/DEVOPS-RCHLO/npm/registry/next/-/next-13.5.3.tgz",
      "integrity": "sha1-Yx78vMnXVsYQhV2blPPYxOc+4TE=",
      "license": "MIT",
      "dependencies": {
        "@next/env": "13.5.3",
        "@swc/helpers": "0.5.2",
        "busboy": "1.6.0",
        "caniuse-lite": "^1.0.30001406",
        "postcss": "8.4.14",
        "styled-jsx": "5.1.1",
        "watchpack": "2.4.0",
        "zod": "3.21.4"
      },
      "bin": {
        "next": "dist/bin/next"
      },
      "engines": {
        "node": ">=16.14.0"
      },
      "optionalDependencies": {
        "@next/swc-darwin-arm64": "13.5.3",
        "@next/swc-darwin-x64": "13.5.3",
        "@next/swc-linux-arm64-gnu": "13.5.3",
        "@next/swc-linux-arm64-musl": "13.5.3",
        "@next/swc-linux-x64-gnu": "13.5.3",
        "@next/swc-linux-x64-musl": "13.5.3",
        "@next/swc-win32-arm64-msvc": "13.5.3",
        "@next/swc-win32-ia32-msvc": "13.5.3",
        "@next/swc-win32-x64-msvc": "13.5.3"
      },
      "peerDependencies": {
        "@opentelemetry/api": "^1.1.0",
        "react": "^18.2.0",
        "react-dom": "^18.2.0",
        "sass": "^1.3.0"
      },
      "peerDependenciesMeta": {
        "@opentelemetry/api": {
          "optional": true
        },
        "sass": {
          "optional": true
        }
      }
    },
    "node_modules/picocolors": {
      "version": "1.0.0",
      "resolved": "https://pkgs.dev.azure.com/DEVOPS-RCHLO/_packaging/DEVOPS-RCHLO/npm/registry/picocolors/-/picocolors-1.0.0.tgz",
      "integrity": "sha1-y1vcdP8/UYkiNur3nWi8RFZKuBw=",
      "license": "ISC"
    },
    "node_modules/postcss": {
      "version": "8.4.14",
      "resolved": "https://pkgs.dev.azure.com/DEVOPS-RCHLO/_packaging/DEVOPS-RCHLO/npm/registry/postcss/-/postcss-8.4.14.tgz",
      "integrity": "sha1-7pJ01WIrSFjBAHp0125C5W/SHK8=",
      "funding": [
        {
          "type": "opencollective",
          "url": "https://opencollective.com/postcss/"
        },
        {
          "type": "tidelift",
          "url": "https://tidelift.com/funding/github/npm/postcss"
        }
      ],
      "license": "MIT",
      "dependencies": {
        "nanoid": "^3.3.4",
        "picocolors": "^1.0.0",
        "source-map-js": "^1.0.2"
      },
      "engines": {
        "node": "^10 || ^12 || >=14"
      }
    },
    "node_modules/react": {
      "version": "18.2.0",
      "resolved": "https://pkgs.dev.azure.com/DEVOPS-RCHLO/_packaging/DEVOPS-RCHLO/npm/registry/react/-/react-18.2.0.tgz",
      "integrity": "sha1-VVvZhZKIMlX6AN4U8RUakXtdd9U=",
      "license": "MIT",
      "dependencies": {
        "loose-envify": "^1.1.0"
      },
      "engines": {
        "node": ">=0.10.0"
      }
    },
    "node_modules/react-dom": {
      "version": "18.2.0",
      "resolved": "https://pkgs.dev.azure.com/DEVOPS-RCHLO/_packaging/DEVOPS-RCHLO/npm/registry/react-dom/-/react-dom-18.2.0.tgz",
      "integrity": "sha1-IqrzhwjbJnTtmtoiTKSqcI2CHj0=",
      "license": "MIT",
      "dependencies": {
        "loose-envify": "^1.1.0",
        "scheduler": "^0.23.0"
      },
      "peerDependencies": {
        "react": "^18.2.0"
      }
    },
    "node_modules/scheduler": {
      "version": "0.23.0",
      "resolved": "https://pkgs.dev.azure.com/DEVOPS-RCHLO/_packaging/DEVOPS-RCHLO/npm/registry/scheduler/-/scheduler-0.23.0.tgz",
      "integrity": "sha1-uoBBr8PTDrIGpIe2s4QALk5h/f4=",
      "license": "MIT",
      "dependencies": {
        "loose-envify": "^1.1.0"
      }
    },
    "node_modules/source-map-js": {
      "version": "1.0.2",
      "resolved": "https://pkgs.dev.azure.com/DEVOPS-RCHLO/_packaging/DEVOPS-RCHLO/npm/registry/source-map-js/-/source-map-js-1.0.2.tgz",
      "integrity": "sha1-rbw2HZxi3zgBJefxYfccgm8eSQw=",
      "license": "BSD-3-Clause",
      "engines": {
        "node": ">=0.10.0"
      }
    },
    "node_modules/streamsearch": {
      "version": "1.1.0",
      "resolved": "https://pkgs.dev.azure.com/DEVOPS-RCHLO/_packaging/DEVOPS-RCHLO/npm/registry/streamsearch/-/streamsearch-1.1.0.tgz",
      "integrity": "sha1-QE3R4iR8qUr1VOhBqO8OqiONp2Q=",
      "engines": {
        "node": ">=10.0.0"
      }
    },
    "node_modules/styled-jsx": {
      "version": "5.1.1",
      "resolved": "https://pkgs.dev.azure.com/DEVOPS-RCHLO/_packaging/DEVOPS-RCHLO/npm/registry/styled-jsx/-/styled-jsx-5.1.1.tgz",
      "integrity": "sha1-g5ocOqrMTnNf7QeBuGGepdAAnR8=",
      "license": "MIT",
      "dependencies": {
        "client-only": "0.0.1"
      },
      "engines": {
        "node": ">= 12.0.0"
      },
      "peerDependencies": {
        "react": ">= 16.8.0 || 17.x.x || ^18.0.0-0"
      },
      "peerDependenciesMeta": {
        "@babel/core": {
          "optional": true
        },
        "babel-plugin-macros": {
          "optional": true
        }
      }
    },
    "node_modules/swr": {
      "version": "2.2.4",
      "resolved": "https://pkgs.dev.azure.com/DEVOPS-RCHLO/_packaging/DEVOPS-RCHLO/npm/registry/swr/-/swr-2.2.4.tgz",
      "integrity": "sha1-A+xMVgGZAvvckE14VEvXqab6Pwc=",
      "license": "MIT",
      "dependencies": {
        "client-only": "^0.0.1",
        "use-sync-external-store": "^1.2.0"
      },
      "peerDependencies": {
        "react": "^16.11.0 || ^17.0.0 || ^18.0.0"
      }
    },
    "node_modules/tslib": {
      "version": "2.6.2",
      "resolved": "https://pkgs.dev.azure.com/DEVOPS-RCHLO/_packaging/DEVOPS-RCHLO/npm/registry/tslib/-/tslib-2.6.2.tgz",
      "integrity": "sha1-cDrClCXns3zW/UVukkBNRtHz5K4=",
      "license": "0BSD"
    },
    "node_modules/typescript": {
      "version": "4.9.5",
      "resolved": "https://pkgs.dev.azure.com/DEVOPS-RCHLO/_packaging/DEVOPS-RCHLO/npm/registry/typescript/-/typescript-4.9.5.tgz",
      "integrity": "sha1-CVl5+bzA0J2jJNWNA86Pg3TL5lo=",
      "dev": true,
      "license": "Apache-2.0",
      "bin": {
        "tsc": "bin/tsc",
        "tsserver": "bin/tsserver"
      },
      "engines": {
        "node": ">=4.2.0"
      }
    },
    "node_modules/use-sync-external-store": {
      "version": "1.2.0",
      "resolved": "https://pkgs.dev.azure.com/DEVOPS-RCHLO/_packaging/DEVOPS-RCHLO/npm/registry/use-sync-external-store/-/use-sync-external-store-1.2.0.tgz",
      "integrity": "sha1-fb79bvP+TnZ6DPXXKHqs+1hGkoo=",
      "license": "MIT",
      "peerDependencies": {
        "react": "^16.8.0 || ^17.0.0 || ^18.0.0"
      }
    },
    "node_modules/watchpack": {
      "version": "2.4.0",
      "resolved": "https://pkgs.dev.azure.com/DEVOPS-RCHLO/_packaging/DEVOPS-RCHLO/npm/registry/watchpack/-/watchpack-2.4.0.tgz",
      "integrity": "sha1-+jMDI3SWLHgRP5PH8vtMVMmGKl0=",
      "license": "MIT",
      "dependencies": {
        "glob-to-regexp": "^0.4.1",
        "graceful-fs": "^4.1.2"
      },
      "engines": {
        "node": ">=10.13.0"
      }
    },
    "node_modules/zod": {
      "version": "3.21.4",
      "resolved": "https://pkgs.dev.azure.com/DEVOPS-RCHLO/_packaging/DEVOPS-RCHLO/npm/registry/zod/-/zod-3.21.4.tgz",
      "integrity": "sha1-EIgiMdmSUZ8KELXdWKOMnau7ZNs=",
      "license": "MIT",
      "funding": {
        "url": "https://github.com/sponsors/colinhacks"
      }
    }
  }
}
